
Microsoft Visual Studio Solution File, Format Version 12.00
# Visual Studio Version 16
VisualStudioVersion = 16.0.32002.261
MinimumVisualStudioVersion = 10.0.40219.1
Project("{FAE04EC0-301F-11D3-BF4B-00C04F79EFBC}") = "MEBSINAVI", "MEBSINAVI\MEBSINAVI.csproj", "{34134A04-8984-4E37-9214-C9472D8D1532}"
EndProject
Global
	GlobalSection(SolutionConfigurationPlatforms) = preSolution
		Debug|Any CPU = Debug|Any CPU
		Release|Any CPU = Release|Any CPU
	EndGlobalSection
	GlobalSection(ProjectConfigurationPlatforms) = postSolution
		{34134A04-8984-4E37-9214-C9472D8D1532}.Debug|Any CPU.ActiveCfg = Debug|Any CPU
		{34134A04-8984-4E37-9214-C9472D8D1532}.Debug|Any CPU.Build.0 = Debug|Any CPU
		{34134A04-8984-4E37-9214-C9472D8D1532}.Release|Any CPU.ActiveCfg = Release|Any CPU
		{34134A04-8984-4E37-9214-C9472D8D1532}.Release|Any CPU.Build.0 = Release|Any CPU
	EndGlobalSection
	GlobalSection(SolutionProperties) = preSolution
		HideSolutionNode = FALSE
	EndGlobalSection
	GlobalSection(ExtensibilityGlobals) = postSolution
		SolutionGuid = {06E7282E-099E-43E4-9828-CA3BAA1DC5CA}
	EndGlobalSection
EndGlobal
